// !$*UTF8*$!
{
	archiveVersion = 1;
	classes = {
	};
	objectVersion = 50;
	objects = {

/* Begin PBXBuildFile section */
		67E5574121D0CF7D0091A905 /* DCRichAlertProxy.m in Sources */ = {isa = PBXBuildFile; fileRef = 67E5574021D0CF7D0091A905 /* DCRichAlertProxy.m */; };
		974D69F021D287EE000D6463 /* BEMAnimationManager.m in Sources */ = {isa = PBXBuildFile; fileRef = 974D69E921D287EE000D6463 /* BEMAnimationManager.m */; };
		974D69F121D287EE000D6463 /* BEMPathManager.m in Sources */ = {isa = PBXBuildFile; fileRef = 974D69EA21D287EE000D6463 /* BEMPathManager.m */; };
		974D69F221D287EE000D6463 /* BEMCheckBoxGroup.m in Sources */ = {isa = PBXBuildFile; fileRef = 974D69EB21D287EE000D6463 /* BEMCheckBoxGroup.m */; };
		974D69F321D287EE000D6463 /* BEMCheckBox.m in Sources */ = {isa = PBXBuildFile; fileRef = 974D69ED21D287EE000D6463 /* BEMCheckBox.m */; };
		97D1CE3F21D0975F007122F1 /* DCRichAlertModule.m in Sources */ = {isa = PBXBuildFile; fileRef = 97D1CE3421D0975F007122F1 /* DCRichAlertModule.m */; };
		97D1CE4021D0975F007122F1 /* DCRichAlertView.m in Sources */ = {isa = PBXBuildFile; fileRef = 97D1CE3721D0975F007122F1 /* DCRichAlertView.m */; };
		97D1CE4121D0975F007122F1 /* DC_TTTAttributedLabel.m in Sources */ = {isa = PBXBuildFile; fileRef = 97D1CE3C21D0975F007122F1 /* DC_TTTAttributedLabel.m */; };
		97D1CE4221D0975F007122F1 /* DCXMLRichTextLabel.m in Sources */ = {isa = PBXBuildFile; fileRef = 97D1CE3E21D0975F007122F1 /* DCXMLRichTextLabel.m */; };
/* End PBXBuildFile section */

/* Begin PBXCopyFilesBuildPhase section */
		97AEBAA621CD15FE00C03C44 /* CopyFiles */ = {
			isa = PBXCopyFilesBuildPhase;
			buildActionMask = 2147483647;
			dstPath = "include/$(PRODUCT_NAME)";
			dstSubfolderSpec = 16;
			files = (
			);
			runOnlyForDeploymentPostprocessing = 0;
		};
/* End PBXCopyFilesBuildPhase section */

/* Begin PBXFileReference section */
		67E5573F21D0CF7D0091A905 /* DCRichAlertProxy.h */ = {isa = PBXFileReference; lastKnownFileType = sourcecode.c.h; path = DCRichAlertProxy.h; sourceTree = "<group>"; };
		67E5574021D0CF7D0091A905 /* DCRichAlertProxy.m */ = {isa = PBXFileReference; lastKnownFileType = sourcecode.c.objc; path = DCRichAlertProxy.m; sourceTree = "<group>"; };
		974D69E821D287EE000D6463 /* BEMCheckBox.h */ = {isa = PBXFileReference; fileEncoding = 4; lastKnownFileType = sourcecode.c.h; path = BEMCheckBox.h; sourceTree = "<group>"; };
		974D69E921D287EE000D6463 /* BEMAnimationManager.m */ = {isa = PBXFileReference; fileEncoding = 4; lastKnownFileType = sourcecode.c.objc; path = BEMAnimationManager.m; sourceTree = "<group>"; };
		974D69EA21D287EE000D6463 /* BEMPathManager.m */ = {isa = PBXFileReference; fileEncoding = 4; lastKnownFileType = sourcecode.c.objc; path = BEMPathManager.m; sourceTree = "<group>"; };
		974D69EB21D287EE000D6463 /* BEMCheckBoxGroup.m */ = {isa = PBXFileReference; fileEncoding = 4; lastKnownFileType = sourcecode.c.objc; path = BEMCheckBoxGroup.m; sourceTree = "<group>"; };
		974D69EC21D287EE000D6463 /* BEMAnimationManager.h */ = {isa = PBXFileReference; fileEncoding = 4; lastKnownFileType = sourcecode.c.h; path = BEMAnimationManager.h; sourceTree = "<group>"; };
		974D69ED21D287EE000D6463 /* BEMCheckBox.m */ = {isa = PBXFileReference; fileEncoding = 4; lastKnownFileType = sourcecode.c.objc; path = BEMCheckBox.m; sourceTree = "<group>"; };
		974D69EE21D287EE000D6463 /* BEMPathManager.h */ = {isa = PBXFileReference; fileEncoding = 4; lastKnownFileType = sourcecode.c.h; path = BEMPathManager.h; sourceTree = "<group>"; };
		974D69EF21D287EE000D6463 /* BEMCheckBoxGroup.h */ = {isa = PBXFileReference; fileEncoding = 4; lastKnownFileType = sourcecode.c.h; path = BEMCheckBoxGroup.h; sourceTree = "<group>"; };
		97AEBAA821CD15FE00C03C44 /* liblibWeexDCRichAlert.a */ = {isa = PBXFileReference; explicitFileType = archive.ar; includeInIndex = 0; path = liblibWeexDCRichAlert.a; sourceTree = BUILT_PRODUCTS_DIR; };
		97D1CE3421D0975F007122F1 /* DCRichAlertModule.m */ = {isa = PBXFileReference; fileEncoding = 4; lastKnownFileType = sourcecode.c.objc; path = DCRichAlertModule.m; sourceTree = "<group>"; };
		97D1CE3621D0975F007122F1 /* DCRichAlertView.h */ = {isa = PBXFileReference; fileEncoding = 4; lastKnownFileType = sourcecode.c.h; path = DCRichAlertView.h; sourceTree = "<group>"; };
		97D1CE3721D0975F007122F1 /* DCRichAlertView.m */ = {isa = PBXFileReference; fileEncoding = 4; lastKnownFileType = sourcecode.c.objc; path = DCRichAlertView.m; sourceTree = "<group>"; };
		97D1CE3821D0975F007122F1 /* DCRichAlertModule.h */ = {isa = PBXFileReference; fileEncoding = 4; lastKnownFileType = sourcecode.c.h; path = DCRichAlertModule.h; sourceTree = "<group>"; };
		97D1CE3A21D0975F007122F1 /* DCXMLRichTextLabel.h */ = {isa = PBXFileReference; fileEncoding = 4; lastKnownFileType = sourcecode.c.h; path = DCXMLRichTextLabel.h; sourceTree = "<group>"; };
		97D1CE3C21D0975F007122F1 /* DC_TTTAttributedLabel.m */ = {isa = PBXFileReference; fileEncoding = 4; lastKnownFileType = sourcecode.c.objc; path = DC_TTTAttributedLabel.m; sourceTree = "<group>"; };
		97D1CE3D21D0975F007122F1 /* DC_TTTAttributedLabel.h */ = {isa = PBXFileReference; fileEncoding = 4; lastKnownFileType = sourcecode.c.h; path = DC_TTTAttributedLabel.h; sourceTree = "<group>"; };
		97D1CE3E21D0975F007122F1 /* DCXMLRichTextLabel.m */ = {isa = PBXFileReference; fileEncoding = 4; lastKnownFileType = sourcecode.c.objc; path = DCXMLRichTextLabel.m; sourceTree = "<group>"; };
/* End PBXFileReference section */

/* Begin PBXFrameworksBuildPhase section */
		97AEBAA521CD15FE00C03C44 /* Frameworks */ = {
			isa = PBXFrameworksBuildPhase;
			buildActionMask = 2147483647;
			files = (
			);
			runOnlyForDeploymentPostprocessing = 0;
		};
/* End PBXFrameworksBuildPhase section */

/* Begin PBXGroup section */
		974D69E721D287EE000D6463 /* DCCheckBox */ = {
			isa = PBXGroup;
			children = (
				974D69E821D287EE000D6463 /* BEMCheckBox.h */,
				974D69E921D287EE000D6463 /* BEMAnimationManager.m */,
				974D69EA21D287EE000D6463 /* BEMPathManager.m */,
				974D69EB21D287EE000D6463 /* BEMCheckBoxGroup.m */,
				974D69EC21D287EE000D6463 /* BEMAnimationManager.h */,
				974D69ED21D287EE000D6463 /* BEMCheckBox.m */,
				974D69EE21D287EE000D6463 /* BEMPathManager.h */,
				974D69EF21D287EE000D6463 /* BEMCheckBoxGroup.h */,
			);
			path = DCCheckBox;
			sourceTree = "<group>";
		};
		97AEBA9F21CD15FE00C03C44 = {
			isa = PBXGroup;
			children = (
				97AEBAAA21CD15FE00C03C44 /* libWeexDCRichAlert */,
				97AEBAA921CD15FE00C03C44 /* Products */,
			);
			sourceTree = "<group>";
		};
		97AEBAA921CD15FE00C03C44 /* Products */ = {
			isa = PBXGroup;
			children = (
				97AEBAA821CD15FE00C03C44 /* liblibWeexDCRichAlert.a */,
			);
			name = Products;
			sourceTree = "<group>";
		};
		97AEBAAA21CD15FE00C03C44 /* libWeexDCRichAlert */ = {
			isa = PBXGroup;
			children = (
				97D1CE3321D0975F007122F1 /* DCRichAlert */,
			);
			path = libWeexDCRichAlert;
			sourceTree = "<group>";
		};
		97D1CE3321D0975F007122F1 /* DCRichAlert */ = {
			isa = PBXGroup;
			children = (
				97D1CE3821D0975F007122F1 /* DCRichAlertModule.h */,
				97D1CE3421D0975F007122F1 /* DCRichAlertModule.m */,
				67E5573F21D0CF7D0091A905 /* DCRichAlertProxy.h */,
				67E5574021D0CF7D0091A905 /* DCRichAlertProxy.m */,
				97D1CE3521D0975F007122F1 /* DCRichAlertView */,
				97D1CE3921D0975F007122F1 /* DCXMLRichTextLabel */,
			);
			path = DCRichAlert;
			sourceTree = "<group>";
		};
		97D1CE3521D0975F007122F1 /* DCRichAlertView */ = {
			isa = PBXGroup;
			children = (
				974D69E721D287EE000D6463 /* DCCheckBox */,
				97D1CE3621D0975F007122F1 /* DCRichAlertView.h */,
				97D1CE3721D0975F007122F1 /* DCRichAlertView.m */,
			);
			path = DCRichAlertView;
			sourceTree = "<group>";
		};
		97D1CE3921D0975F007122F1 /* DCXMLRichTextLabel */ = {
			isa = PBXGroup;
			children = (
				97D1CE3A21D0975F007122F1 /* DCXMLRichTextLabel.h */,
				97D1CE3E21D0975F007122F1 /* DCXMLRichTextLabel.m */,
				97D1CE3B21D0975F007122F1 /* DC_TTTAttributedLabel */,
			);
			path = DCXMLRichTextLabel;
			sourceTree = "<group>";
		};
		97D1CE3B21D0975F007122F1 /* DC_TTTAttributedLabel */ = {
			isa = PBXGroup;
			children = (
				97D1CE3D21D0975F007122F1 /* DC_TTTAttributedLabel.h */,
				97D1CE3C21D0975F007122F1 /* DC_TTTAttributedLabel.m */,
			);
			path = DC_TTTAttributedLabel;
			sourceTree = "<group>";
		};
/* End PBXGroup section */

/* Begin PBXNativeTarget section */
		97AEBAA721CD15FE00C03C44 /* libWeexDCRichAlert */ = {
			isa = PBXNativeTarget;
			buildConfigurationList = 97AEBAB121CD15FE00C03C44 /* Build configuration list for PBXNativeTarget "libWeexDCRichAlert" */;
			buildPhases = (
				97AEBAA421CD15FE00C03C44 /* Sources */,
				97AEBAA521CD15FE00C03C44 /* Frameworks */,
				97AEBAA621CD15FE00C03C44 /* CopyFiles */,
			);
			buildRules = (
			);
			dependencies = (
			);
			name = libWeexDCRichAlert;
			productName = libWeexDCRichAlert;
			productReference = 97AEBAA821CD15FE00C03C44 /* liblibWeexDCRichAlert.a */;
			productType = "com.apple.product-type.library.static";
		};
/* End PBXNativeTarget section */

/* Begin PBXProject section */
		97AEBAA021CD15FE00C03C44 /* Project object */ = {
			isa = PBXProject;
			attributes = {
				LastUpgradeCheck = 1010;
				ORGANIZATIONNAME = DCloud;
				TargetAttributes = {
					97AEBAA721CD15FE00C03C44 = {
						CreatedOnToolsVersion = 10.1;
					};
				};
			};
			buildConfigurationList = 97AEBAA321CD15FE00C03C44 /* Build configuration list for PBXProject "libWeexDCRichAlert" */;
			compatibilityVersion = "Xcode 9.3";
			developmentRegion = en;
			hasScannedForEncodings = 0;
			knownRegions = (
				en,
			);
			mainGroup = 97AEBA9F21CD15FE00C03C44;
			productRefGroup = 97AEBAA921CD15FE00C03C44 /* Products */;
			projectDirPath = "";
			projectRoot = "";
			targets = (
				97AEBAA721CD15FE00C03C44 /* libWeexDCRichAlert */,
			);
		};
/* End PBXProject section */

/* Begin PBXSourcesBuildPhase section */
		97AEBAA421CD15FE00C03C44 /* Sources */ = {
			isa = PBXSourcesBuildPhase;
			buildActionMask = 2147483647;
			files = (
				974D69F121D287EE000D6463 /* BEMPathManager.m in Sources */,
				97D1CE4021D0975F007122F1 /* DCRichAlertView.m in Sources */,
				97D1CE4121D0975F007122F1 /* DC_TTTAttributedLabel.m in Sources */,
				974D69F321D287EE000D6463 /* BEMCheckBox.m in Sources */,
				97D1CE4221D0975F007122F1 /* DCXMLRichTextLabel.m in Sources */,
				67E5574121D0CF7D0091A905 /* DCRichAlertProxy.m in Sources */,
				974D69F221D287EE000D6463 /* BEMCheckBoxGroup.m in Sources */,
				97D1CE3F21D0975F007122F1 /* DCRichAlertModule.m in Sources */,
				974D69F021D287EE000D6463 /* BEMAnimationManager.m in Sources */,
			);
			runOnlyForDeploymentPostprocessing = 0;
		};
/* End PBXSourcesBuildPhase section */

/* Begin XCBuildConfiguration section */
		97AEBAAF21CD15FE00C03C44 /* Debug */ = {
			isa = XCBuildConfiguration;
			buildSettings = {
				ALWAYS_SEARCH_USER_PATHS = NO;
				CLANG_ANALYZER_NONNULL = YES;
				CLANG_ANALYZER_NUMBER_OBJECT_CONVERSION = YES_AGGRESSIVE;
				CLANG_CXX_LANGUAGE_STANDARD = "gnu++14";
				CLANG_CXX_LIBRARY = "libc++";
				CLANG_ENABLE_MODULES = YES;
				CLANG_ENABLE_OBJC_ARC = YES;
				CLANG_ENABLE_OBJC_WEAK = YES;
				CLANG_WARN_BLOCK_CAPTURE_AUTORELEASING = YES;
				CLANG_WARN_BOOL_CONVERSION = YES;
				CLANG_WARN_COMMA = YES;
				CLANG_WARN_CONSTANT_CONVERSION = YES;
				CLANG_WARN_DEPRECATED_OBJC_IMPLEMENTATIONS = YES;
				CLANG_WARN_DIRECT_OBJC_ISA_USAGE = YES_ERROR;
				CLANG_WARN_DOCUMENTATION_COMMENTS = YES;
				CLANG_WARN_EMPTY_BODY = YES;
				CLANG_WARN_ENUM_CONVERSION = YES;
				CLANG_WARN_INFINITE_RECURSION = YES;
				CLANG_WARN_INT_CONVERSION = YES;
				CLANG_WARN_NON_LITERAL_NULL_CONVERSION = YES;
				CLANG_WARN_OBJC_IMPLICIT_RETAIN_SELF = YES;
				CLANG_WARN_OBJC_LITERAL_CONVERSION = YES;
				CLANG_WARN_OBJC_ROOT_CLASS = YES_ERROR;
				CLANG_WARN_RANGE_LOOP_ANALYSIS = YES;
				CLANG_WARN_STRICT_PROTOTYPES = YES;
				CLANG_WARN_SUSPICIOUS_MOVE = YES;
				CLANG_WARN_UNGUARDED_AVAILABILITY = YES_AGGRESSIVE;
				CLANG_WARN_UNREACHABLE_CODE = YES;
				CLANG_WARN__DUPLICATE_METHOD_MATCH = YES;
				CODE_SIGN_IDENTITY = "iPhone Developer";
				COPY_PHASE_STRIP = NO;
				DEBUG_INFORMATION_FORMAT = dwarf;
				ENABLE_STRICT_OBJC_MSGSEND = YES;
				ENABLE_TESTABILITY = YES;
				GCC_C_LANGUAGE_STANDARD = gnu11;
				GCC_DYNAMIC_NO_PIC = NO;
				GCC_NO_COMMON_BLOCKS = YES;
				GCC_OPTIMIZATION_LEVEL = 0;
				GCC_PREPROCESSOR_DEFINITIONS = (
					"DEBUG=1",
					"$(inherited)",
				);
				GCC_WARN_64_TO_32_BIT_CONVERSION = YES;
				GCC_WARN_ABOUT_RETURN_TYPE = YES_ERROR;
				GCC_WARN_UNDECLARED_SELECTOR = YES;
				GCC_WARN_UNINITIALIZED_AUTOS = YES_AGGRESSIVE;
				GCC_WARN_UNUSED_FUNCTION = YES;
				GCC_WARN_UNUSED_VARIABLE = YES;
				IPHONEOS_DEPLOYMENT_TARGET = 8.0;
				MTL_ENABLE_DEBUG_INFO = INCLUDE_SOURCE;
				MTL_FAST_MATH = YES;
				ONLY_ACTIVE_ARCH = YES;
				SDKROOT = iphoneos;
			};
			name = Debug;
		};
		97AEBAB021CD15FE00C03C44 /* Release */ = {
			isa = XCBuildConfiguration;
			buildSettings = {
				ALWAYS_SEARCH_USER_PATHS = NO;
				CLANG_ANALYZER_NONNULL = YES;
				CLANG_ANALYZER_NUMBER_OBJECT_CONVERSION = YES_AGGRESSIVE;
				CLANG_CXX_LANGUAGE_STANDARD = "gnu++14";
				CLANG_CXX_LIBRARY = "libc++";
				CLANG_ENABLE_MODULES = YES;
				CLANG_ENABLE_OBJC_ARC = YES;
				CLANG_ENABLE_OBJC_WEAK = YES;
				CLANG_WARN_BLOCK_CAPTURE_AUTORELEASING = YES;
				CLANG_WARN_BOOL_CONVERSION = YES;
				CLANG_WARN_COMMA = YES;
				CLANG_WARN_CONSTANT_CONVERSION = YES;
				CLANG_WARN_DEPRECATED_OBJC_IMPLEMENTATIONS = YES;
				CLANG_WARN_DIRECT_OBJC_ISA_USAGE = YES_ERROR;
				CLANG_WARN_DOCUMENTATION_COMMENTS = YES;
				CLANG_WARN_EMPTY_BODY = YES;
				CLANG_WARN_ENUM_CONVERSION = YES;
				CLANG_WARN_INFINITE_RECURSION = YES;
				CLANG_WARN_INT_CONVERSION = YES;
				CLANG_WARN_NON_LITERAL_NULL_CONVERSION = YES;
				CLANG_WARN_OBJC_IMPLICIT_RETAIN_SELF = YES;
				CLANG_WARN_OBJC_LITERAL_CONVERSION = YES;
				CLANG_WARN_OBJC_ROOT_CLASS = YES_ERROR;
				CLANG_WARN_RANGE_LOOP_ANALYSIS = YES;
				CLANG_WARN_STRICT_PROTOTYPES = YES;
				CLANG_WARN_SUSPICIOUS_MOVE = YES;
				CLANG_WARN_UNGUARDED_AVAILABILITY = YES_AGGRESSIVE;
				CLANG_WARN_UNREACHABLE_CODE = YES;
				CLANG_WARN__DUPLICATE_METHOD_MATCH = YES;
				CODE_SIGN_IDENTITY = "iPhone Developer";
				COPY_PHASE_STRIP = NO;
				DEBUG_INFORMATION_FORMAT = "dwarf-with-dsym";
				ENABLE_NS_ASSERTIONS = NO;
				ENABLE_STRICT_OBJC_MSGSEND = YES;
				GCC_C_LANGUAGE_STANDARD = gnu11;
				GCC_NO_COMMON_BLOCKS = YES;
				GCC_WARN_64_TO_32_BIT_CONVERSION = YES;
				GCC_WARN_ABOUT_RETURN_TYPE = YES_ERROR;
				GCC_WARN_UNDECLARED_SELECTOR = YES;
				GCC_WARN_UNINITIALIZED_AUTOS = YES_AGGRESSIVE;
				GCC_WARN_UNUSED_FUNCTION = YES;
				GCC_WARN_UNUSED_VARIABLE = YES;
				IPHONEOS_DEPLOYMENT_TARGET = 8.0;
				MTL_ENABLE_DEBUG_INFO = NO;
				MTL_FAST_MATH = YES;
				SDKROOT = iphoneos;
				VALIDATE_PRODUCT = YES;
			};
			name = Release;
		};
		97AEBAB221CD15FE00C03C44 /* Debug */ = {
			isa = XCBuildConfiguration;
			buildSettings = {
				CODE_SIGN_STYLE = Automatic;
				HEADER_SEARCH_PATHS = (
					"\"$(SRCROOT)/../../SDK/inc\"/**",
					"\"$(SRCROOT)/../../SDK/inc/weexHeader\"/**",
				);
				ONLY_ACTIVE_ARCH = NO;
				OTHER_LDFLAGS = "-ObjC";
				PRODUCT_NAME = "$(TARGET_NAME)";
				SKIP_INSTALL = YES;
				TARGETED_DEVICE_FAMILY = "1,2";
			};
			name = Debug;
		};
		97AEBAB321CD15FE00C03C44 /* Release */ = {
			isa = XCBuildConfiguration;
			buildSettings = {
				CODE_SIGN_STYLE = Automatic;
				HEADER_SEARCH_PATHS = (
					"\"$(SRCROOT)/../../SDK/inc\"/**",
					"\"$(SRCROOT)/../../SDK/inc/weexHeader\"/**",
				);
				OTHER_LDFLAGS = "-ObjC";
				PRODUCT_NAME = "$(TARGET_NAME)";
				SKIP_INSTALL = YES;
				TARGETED_DEVICE_FAMILY = "1,2";
			};
			name = Release;
		};
/* End XCBuildConfiguration section */

/* Begin XCConfigurationList section */
		97AEBAA321CD15FE00C03C44 /* Build configuration list for PBXProject "libWeexDCRichAlert" */ = {
			isa = XCConfigurationList;
			buildConfigurations = (
				97AEBAAF21CD15FE00C03C44 /* Debug */,
				97AEBAB021CD15FE00C03C44 /* Release */,
			);
			defaultConfigurationIsVisible = 0;
			defaultConfigurationName = Release;
		};
		97AEBAB121CD15FE00C03C44 /* Build configuration list for PBXNativeTarget "libWeexDCRichAlert" */ = {
			isa = XCConfigurationList;
			buildConfigurations = (
				97AEBAB221CD15FE00C03C44 /* Debug */,
				97AEBAB321CD15FE00C03C44 /* Release */,
			);
			defaultConfigurationIsVisible = 0;
			defaultConfigurationName = Release;
		};
/* End XCConfigurationList section */
	};
	rootObject = 97AEBAA021CD15FE00C03C44 /* Project object */;
}
